{
  "name": "branch-purge",
  "version": "0.1.6",
  "lockfileVersion": 3,
  "requires": true,
  "packages": {
    "": {
      "name": "branch-purge",
      "version": "0.1.6",
      "license": "MIT",
      "bin": {
        "branch-purge": "src/cli.mjs"
      },
      "engines": {
        "node": ">=20"
      }
    }
  }
}
