{
  "name": "branch-cleaner",
  "version": "0.1.1",
  "lockfileVersion": 3,
  "requires": true,
  "packages": {
    "": {
      "name": "branch-cleaner",
      "version": "0.1.1",
      "bin": {
        "branch-cleaner": "src/cli.mjs"
      },
      "engines": {
        "node": ">=20"
      }
    }
  }
}
